github.com/google/go-cmp v0.6.0 h1:ofyhxvXcZhMsU5ulbFiLKl/XBFqE1GSq7atu8tAmTRI=
github.com/google/go-cmp v0.6.0/go.mod h1:17dUlkBOakJ0+DkrSSNjCkIjxS6bF9zb3elmeNGIjoY=
github.com/qba73/geonames v0.0.3 h1:YAVWP7XVCjfTd8Eawn93nd0QZz15ez6/yGB6h9k/24s=
github.com/qba73/geonames v0.0.3/go.mod h1:2YIjYC03dZXrYz8D2OZCMRwGLKn/6qaSEJ0yPShv6E4=
golang.org/x/text v0.9.0 h1:2sjJmO8cDvYveuX97RDLsxlyUxLl+GHoLxBiRdHllBE=
golang.org/x/text v0.9.0/go.mod h1:e1OnstbJyHTd6l/uOt8jFFHp6TRDWZR/bV3emEE/zU8=
