github.com/google/go-cmp v0.6.0 h1:ofyhxvXcZhMsU5ulbFiLKl/XBFqE1GSq7atu8tAmTRI=
github.com/google/go-cmp v0.6.0/go.mod h1:17dUlkBOakJ0+DkrSSNjCkIjxS6bF9zb3elmeNGIjoY=
github.com/qba73/geonames v0.0.4 h1:23Y2THdCtMQg0X3Huc5uc98gkCdYrgkqo+h/uvKW3Jw=
github.com/qba73/geonames v0.0.4/go.mod h1:H0TCdIaHNrrB8zFTEH7Aor36j/f1g9kPU10mb3NLX9s=
golang.org/x/text v0.9.0 h1:2sjJmO8cDvYveuX97RDLsxlyUxLl+GHoLxBiRdHllBE=
golang.org/x/text v0.9.0/go.mod h1:e1OnstbJyHTd6l/uOt8jFFHp6TRDWZR/bV3emEE/zU8=
